
Microsoft Visual Studio Solution File, Format Version 12.00
# Visual Studio Version 17
VisualStudioVersion = 17.0.31903.59
MinimumVisualStudioVersion = 10.0.40219.1
Project("{FAE04EC0-301F-11D3-BF4B-00C04F79EFBC}") = "InventoryManagementAPI", "InventoryManagementAPI.csproj", "{30181AB9-CEA3-4B22-B66C-107E312A6F7E}"
EndProject
Project("{FAE04EC0-301F-11D3-BF4B-00C04F79EFBC}") = "InventoryManagementAPI.Tests", "..\InventoryManagementAPI.Tests\InventoryManagementAPI.Tests.csproj", "{5039A719-339C-42E9-8D4F-80132BAFC66A}"
EndProject
Global
	GlobalSection(SolutionConfigurationPlatforms) = preSolution
		Debug|Any CPU = Debug|Any CPU
		Release|Any CPU = Release|Any CPU
	EndGlobalSection
	GlobalSection(SolutionProperties) = preSolution
		HideSolutionNode = FALSE
	EndGlobalSection
	GlobalSection(ProjectConfigurationPlatforms) = postSolution
		{30181AB9-CEA3-4B22-B66C-107E312A6F7E}.Debug|Any CPU.ActiveCfg = Debug|Any CPU
		{30181AB9-CEA3-4B22-B66C-107E312A6F7E}.Debug|Any CPU.Build.0 = Debug|Any CPU
		{30181AB9-CEA3-4B22-B66C-107E312A6F7E}.Release|Any CPU.ActiveCfg = Release|Any CPU
		{30181AB9-CEA3-4B22-B66C-107E312A6F7E}.Release|Any CPU.Build.0 = Release|Any CPU
		{5039A719-339C-42E9-8D4F-80132BAFC66A}.Debug|Any CPU.ActiveCfg = Debug|Any CPU
		{5039A719-339C-42E9-8D4F-80132BAFC66A}.Debug|Any CPU.Build.0 = Debug|Any CPU
		{5039A719-339C-42E9-8D4F-80132BAFC66A}.Release|Any CPU.ActiveCfg = Release|Any CPU
		{5039A719-339C-42E9-8D4F-80132BAFC66A}.Release|Any CPU.Build.0 = Release|Any CPU
	EndGlobalSection
EndGlobal
